<?xml version="1.0" encoding="utf-8"?>
<Project ToolsVersion="4.0" xmlns="http://schemas.microsoft.com/developer/msbuild/2003">
  <ItemGroup>
    <ClCompile Include="src\ofApp.cpp">
      <Filter>src</Filter>
    </ClCompile>
    <ClCompile Include="src\main.cpp">
      <Filter>src</Filter>
    </ClCompile>
    <ClCompile Include="src\Boid.cpp">
      <Filter>src</Filter>
    </ClCompile>
    <ClCompile Include="src\Structures.cpp">
      <Filter>src</Filter>
    </ClCompile>
    <ClCompile Include="PathFinding\Graph.cpp">
      <Filter>PathFinding</Filter>
    </ClCompile>
    <ClCompile Include="PathFinding\AStar.cpp">
      <Filter>PathFinding</Filter>
    </ClCompile>
    <ClCompile Include="PathFinding\Dijkstra.cpp">
      <Filter>PathFinding</Filter>
    </ClCompile>
    <ClCompile Include="PathFinding\NodeRecord.cpp">
      <Filter>PathFinding</Filter>
    </ClCompile>
    <ClCompile Include="PathFinding\Schemes\LargeGraphCreator.cpp">
      <Filter>PathFinding\Schemes</Filter>
    </ClCompile>
    <ClCompile Include="PathFinding\Schemes\TileGraph.cpp">
      <Filter>PathFinding\Schemes</Filter>
    </ClCompile>
    <ClCompile Include="MovementAlgorithms\Dynamic\DynamicPathFollow.cpp">
      <Filter>MovementAlgorithms\Dynamic</Filter>
    </ClCompile>
    <ClCompile Include="MovementAlgorithms\Kinematic\KinematicArrive.cpp">
      <Filter>MovementAlgorithms\Kinematic</Filter>
    </ClCompile>
    <ClCompile Include="MovementAlgorithms\Kinematic\KinematicSeek.cpp">
      <Filter>MovementAlgorithms\Kinematic</Filter>
    </ClCompile>
    <ClCompile Include="MovementAlgorithms\Dynamic\DynamicArrive.cpp">
      <Filter>MovementAlgorithms\Dynamic</Filter>
    </ClCompile>
    <ClCompile Include="MovementAlgorithms\Dynamic\DynamicAlign.cpp">
      <Filter>MovementAlgorithms\Dynamic</Filter>
    </ClCompile>
    <ClCompile Include="PathFinding\Schemes\SmallGraph.cpp">
      <Filter>PathFinding\Schemes</Filter>
    </ClCompile>
    <ClCompile Include="BehaviorAlgorithms\DecisionTree\Actions\DTActionBase.cpp">
      <Filter>Behavior Algorithms\Decision Tree\Actions</Filter>
    </ClCompile>
    <ClCompile Include="BehaviorAlgorithms\DecisionTree\Actions\DTSleep.cpp">
      <Filter>Behavior Algorithms\Decision Tree\Actions</Filter>
    </ClCompile>
    <ClCompile Include="BehaviorAlgorithms\DecisionTree\Actions\DTWalk.cpp">
      <Filter>Behavior Algorithms\Decision Tree\Actions</Filter>
    </ClCompile>
    <ClCompile Include="BehaviorAlgorithms\DecisionTree\Actions\DTDig.cpp">
      <Filter>Behavior Algorithms\Decision Tree\Actions</Filter>
    </ClCompile>
    <ClCompile Include="MovementAlgorithms\Dynamic\DynamicWander.cpp">
      <Filter>MovementAlgorithms\Dynamic</Filter>
    </ClCompile>
    <ClCompile Include="BehaviorAlgorithms\DecisionTree\DT.cpp">
      <Filter>Behavior Algorithms\Decision Tree</Filter>
    </ClCompile>
    <ClCompile Include="BehaviorAlgorithms\DecisionTree\DTManager.cpp">
      <Filter>Behavior Algorithms\Decision Tree</Filter>
    </ClCompile>
    <ClCompile Include="BehaviorAlgorithms\DecisionTree\DTNode.cpp">
      <Filter>Behavior Algorithms\Decision Tree</Filter>
    </ClCompile>
    <ClCompile Include="BehaviorAlgorithms\BehaviorTree\BT.cpp">
      <Filter>Behavior Algorithms\Behavior Trees</Filter>
    </ClCompile>
    <ClCompile Include="BehaviorAlgorithms\BehaviorTree\BTAction.cpp">
      <Filter>Behavior Algorithms\Behavior Trees</Filter>
    </ClCompile>
    <ClCompile Include="BehaviorAlgorithms\BehaviorTree\BTBlackboard.cpp">
      <Filter>Behavior Algorithms\Behavior Trees</Filter>
    </ClCompile>
    <ClCompile Include="BehaviorAlgorithms\BehaviorTree\BTTick.cpp">
      <Filter>Behavior Algorithms\Behavior Trees</Filter>
    </ClCompile>
    <ClCompile Include="BehaviorAlgorithms\GOAP\Goap.cpp">
      <Filter>Behavior Algorithms\GOAP</Filter>
    </ClCompile>
  </ItemGroup>
  <ItemGroup>
    <Filter Include="src">
      <UniqueIdentifier>{d8376475-7454-4a24-b08a-aac121d3ad6f}</UniqueIdentifier>
    </Filter>
    <Filter Include="PathFinding">
      <UniqueIdentifier>{5a116c30-497e-4cc2-a137-c9ca31092094}</UniqueIdentifier>
    </Filter>
    <Filter Include="PathFinding\Schemes">
      <UniqueIdentifier>{a2123b6e-9daa-4463-8b97-f1e7bd9dee3a}</UniqueIdentifier>
    </Filter>
    <Filter Include="MovementAlgorithms">
      <UniqueIdentifier>{1b30d3e6-eefd-432d-8449-cd00d93d2d83}</UniqueIdentifier>
    </Filter>
    <Filter Include="MovementAlgorithms\Dynamic">
      <UniqueIdentifier>{d0cc7bb2-87bc-4fa6-8aff-74a4bce55a94}</UniqueIdentifier>
    </Filter>
    <Filter Include="MovementAlgorithms\Kinematic">
      <UniqueIdentifier>{90f9a83e-39f2-4bcd-9548-3e8f279fa302}</UniqueIdentifier>
    </Filter>
    <Filter Include="Behavior Algorithms">
      <UniqueIdentifier>{81af4b9b-1726-4c22-b81d-c6d208c39e88}</UniqueIdentifier>
    </Filter>
    <Filter Include="Behavior Algorithms\Behavior Trees">
      <UniqueIdentifier>{f5d54270-f320-4b56-aef0-ef51f6924db9}</UniqueIdentifier>
    </Filter>
    <Filter Include="Behavior Algorithms\Decision Tree">
      <UniqueIdentifier>{073d4942-f810-442c-b341-da0def26cff2}</UniqueIdentifier>
    </Filter>
    <Filter Include="Behavior Algorithms\GOAP">
      <UniqueIdentifier>{94cab514-337e-410d-86ba-28959b5bc33b}</UniqueIdentifier>
    </Filter>
    <Filter Include="Behavior Algorithms\Decision Tree\Actions">
      <UniqueIdentifier>{6fd74035-e6e5-4351-81cf-c47a1e82c55f}</UniqueIdentifier>
    </Filter>
  </ItemGroup>
  <ItemGroup>
    <ClInclude Include="src\ofApp.h">
      <Filter>src</Filter>
    </ClInclude>
    <ClInclude Include="src\Boid.h">
      <Filter>src</Filter>
    </ClInclude>
    <ClInclude Include="src\Structures.h">
      <Filter>src</Filter>
    </ClInclude>
    <ClInclude Include="PathFinding\Graph.h">
      <Filter>PathFinding</Filter>
    </ClInclude>
    <ClInclude Include="PathFinding\AStar.h">
      <Filter>PathFinding</Filter>
    </ClInclude>
    <ClInclude Include="PathFinding\Dijkstra.h">
      <Filter>PathFinding</Filter>
    </ClInclude>
    <ClInclude Include="PathFinding\NodeRecord.h">
      <Filter>PathFinding</Filter>
    </ClInclude>
    <ClInclude Include="PathFinding\Schemes\LargeGraphCreator.h">
      <Filter>PathFinding\Schemes</Filter>
    </ClInclude>
    <ClInclude Include="PathFinding\Schemes\TileGraph.h">
      <Filter>PathFinding\Schemes</Filter>
    </ClInclude>
    <ClInclude Include="MovementAlgorithms\Dynamic\DynamicPathFollow.h">
      <Filter>MovementAlgorithms\Dynamic</Filter>
    </ClInclude>
    <ClInclude Include="MovementAlgorithms\Kinematic\KinematicArrive.h">
      <Filter>MovementAlgorithms\Kinematic</Filter>
    </ClInclude>
    <ClInclude Include="MovementAlgorithms\Kinematic\KinematicSeek.h">
      <Filter>MovementAlgorithms\Kinematic</Filter>
    </ClInclude>
    <ClInclude Include="MovementAlgorithms\Dynamic\DynamicArrive.h">
      <Filter>MovementAlgorithms\Dynamic</Filter>
    </ClInclude>
    <ClInclude Include="MovementAlgorithms\Dynamic\DynamicAlign.h">
      <Filter>MovementAlgorithms\Dynamic</Filter>
    </ClInclude>
    <ClInclude Include="PathFinding\Schemes\SmallGraph.h">
      <Filter>PathFinding\Schemes</Filter>
    </ClInclude>
    <ClInclude Include="BehaviorAlgorithms\AIManager.h">
      <Filter>Behavior Algorithms</Filter>
    </ClInclude>
    <ClInclude Include="BehaviorAlgorithms\DecisionTree\Actions\DTActionBase.h">
      <Filter>Behavior Algorithms\Decision Tree\Actions</Filter>
    </ClInclude>
    <ClInclude Include="BehaviorAlgorithms\DecisionTree\Actions\DTLearnedActions.h">
      <Filter>Behavior Algorithms\Decision Tree\Actions</Filter>
    </ClInclude>
    <ClInclude Include="BehaviorAlgorithms\DecisionTree\Actions\DTSleep.h">
      <Filter>Behavior Algorithms\Decision Tree\Actions</Filter>
    </ClInclude>
    <ClInclude Include="BehaviorAlgorithms\DecisionTree\Actions\DTWalk.h">
      <Filter>Behavior Algorithms\Decision Tree\Actions</Filter>
    </ClInclude>
    <ClInclude Include="BehaviorAlgorithms\DecisionTree\Actions\DTDig.h">
      <Filter>Behavior Algorithms\Decision Tree\Actions</Filter>
    </ClInclude>
    <ClInclude Include="MovementAlgorithms\Dynamic\DynamicWander.h">
      <Filter>MovementAlgorithms\Dynamic</Filter>
    </ClInclude>
    <ClInclude Include="BehaviorAlgorithms\DecisionTree\DT.h">
      <Filter>Behavior Algorithms\Decision Tree</Filter>
    </ClInclude>
    <ClInclude Include="BehaviorAlgorithms\DecisionTree\DTManager.h">
      <Filter>Behavior Algorithms\Decision Tree</Filter>
    </ClInclude>
    <ClInclude Include="BehaviorAlgorithms\DecisionTree\DTNode.h">
      <Filter>Behavior Algorithms\Decision Tree</Filter>
    </ClInclude>
    <ClInclude Include="BehaviorAlgorithms\BehaviorTree\BT.h">
      <Filter>Behavior Algorithms\Behavior Trees</Filter>
    </ClInclude>
    <ClInclude Include="BehaviorAlgorithms\BehaviorTree\BTAction.h">
      <Filter>Behavior Algorithms\Behavior Trees</Filter>
    </ClInclude>
    <ClInclude Include="BehaviorAlgorithms\BehaviorTree\BTBlackboard.h">
      <Filter>Behavior Algorithms\Behavior Trees</Filter>
    </ClInclude>
    <ClInclude Include="BehaviorAlgorithms\BehaviorTree\BTTick.h">
      <Filter>Behavior Algorithms\Behavior Trees</Filter>
    </ClInclude>
    <ClInclude Include="BehaviorAlgorithms\GOAP\Goap.h">
      <Filter>Behavior Algorithms\GOAP</Filter>
    </ClInclude>
  </ItemGroup>
  <ItemGroup>
    <ResourceCompile Include="icon.rc" />
  </ItemGroup>
</Project>